
Microsoft Visual Studio Solution File, Format Version 12.00
# Visual Studio Version 16
VisualStudioVersion = 16.0.31410.357
MinimumVisualStudioVersion = 10.0.40219.1
Project("{9A19103F-16F7-4668-BE54-9A1E7A4F7556}") = "MealPickerLibrary", "MealPickerLibrary\MealPickerLibrary.csproj", "{09F11FEE-7F34-4683-A0C6-3B22624B475E}"
EndProject
Project("{FAE04EC0-301F-11D3-BF4B-00C04F79EFBC}") = "MealPickerUI", "MealPickerUI\MealPickerUI.csproj", "{FDBDD9BF-F72E-4C12-96E4-1F5665E1B398}"
EndProject
Global
	GlobalSection(SolutionConfigurationPlatforms) = preSolution
		Debug|Any CPU = Debug|Any CPU
		Release|Any CPU = Release|Any CPU
	EndGlobalSection
	GlobalSection(ProjectConfigurationPlatforms) = postSolution
		{09F11FEE-7F34-4683-A0C6-3B22624B475E}.Debug|Any CPU.ActiveCfg = Debug|Any CPU
		{09F11FEE-7F34-4683-A0C6-3B22624B475E}.Debug|Any CPU.Build.0 = Debug|Any CPU
		{09F11FEE-7F34-4683-A0C6-3B22624B475E}.Release|Any CPU.ActiveCfg = Release|Any CPU
		{09F11FEE-7F34-4683-A0C6-3B22624B475E}.Release|Any CPU.Build.0 = Release|Any CPU
		{FDBDD9BF-F72E-4C12-96E4-1F5665E1B398}.Debug|Any CPU.ActiveCfg = Debug|Any CPU
		{FDBDD9BF-F72E-4C12-96E4-1F5665E1B398}.Debug|Any CPU.Build.0 = Debug|Any CPU
		{FDBDD9BF-F72E-4C12-96E4-1F5665E1B398}.Release|Any CPU.ActiveCfg = Release|Any CPU
		{FDBDD9BF-F72E-4C12-96E4-1F5665E1B398}.Release|Any CPU.Build.0 = Release|Any CPU
	EndGlobalSection
	GlobalSection(SolutionProperties) = preSolution
		HideSolutionNode = FALSE
	EndGlobalSection
	GlobalSection(ExtensibilityGlobals) = postSolution
		SolutionGuid = {944036FB-9ECE-4494-A61D-23ACBC2CDA59}
	EndGlobalSection
EndGlobal
